lockfileVersion: 5.4

specifiers:
  common-tags: ^1.8.2
  topological-sort: ^0.3.0

dependencies:
  common-tags: 1.8.2
  topological-sort: 0.3.0

packages:

  /common-tags/1.8.2:
    resolution: {integrity: sha512-gk/Z852D2Wtb//0I+kRFNKKE9dIIVirjoqPoA1wJU+XePVXZfGeBpk45+A1rKO4Q43prqWBNY/MiIeRLbPWUaA==}
    engines: {node: '>=4.0.0'}
    dev: false

  /topological-sort/0.3.0:
    resolution: {integrity: sha512-BmO2t72jjJ3B9PZC3LTHyojgNynOKEvWG4GiYqyfSMUjtO6+yZK0oozlMYVA+tC6YvS3NZh4OPx6QaolEYOg6A==}
    engines: {node: '>=8'}
    dev: false
